{
  "name": "@iqube/sdk-js",
  "version": "0.0.1",
  "lockfileVersion": 3,
  "requires": true,
  "packages": {
    "": {
      "name": "@iqube/sdk-js",
      "version": "0.0.1",
      "dependencies": {
        "@dfinity/agent": "^3.2.4",
        "@dfinity/candid": "^3.2.4",
        "@dfinity/principal": "^3.2.4"
      },
      "devDependencies": {
        "typescript": "^5.5.0"
      }
    },
    "../../node_modules/.pnpm/typescript@5.9.2/node_modules/typescript": {
      "version": "5.9.2",
      "dev": true,
      "license": "Apache-2.0",
      "bin": {
        "tsc": "bin/tsc",
        "tsserver": "bin/tsserver"
      },
      "devDependencies": {
        "@dprint/formatter": "^0.4.1",
        "@dprint/typescript": "0.93.4",
        "@esfx/canceltoken": "^1.0.0",
        "@eslint/js": "^9.20.0",
        "@octokit/rest": "^21.1.1",
        "@types/chai": "^4.3.20",
        "@types/diff": "^7.0.1",
        "@types/minimist": "^1.2.5",
        "@types/mocha": "^10.0.10",
        "@types/ms": "^0.7.34",
        "@types/node": "latest",
        "@types/source-map-support": "^0.5.10",
        "@types/which": "^3.0.4",
        "@typescript-eslint/rule-tester": "^8.24.1",
        "@typescript-eslint/type-utils": "^8.24.1",
        "@typescript-eslint/utils": "^8.24.1",
        "azure-devops-node-api": "^14.1.0",
        "c8": "^10.1.3",
        "chai": "^4.5.0",
        "chokidar": "^4.0.3",
        "diff": "^7.0.0",
        "dprint": "^0.49.0",
        "esbuild": "^0.25.0",
        "eslint": "^9.20.1",
        "eslint-formatter-autolinkable-stylish": "^1.4.0",
        "eslint-plugin-regexp": "^2.7.0",
        "fast-xml-parser": "^4.5.2",
        "glob": "^10.4.5",
        "globals": "^15.15.0",
        "hereby": "^1.10.0",
        "jsonc-parser": "^3.3.1",
        "knip": "^5.44.4",
        "minimist": "^1.2.8",
        "mocha": "^10.8.2",
        "mocha-fivemat-progress-reporter": "^0.1.0",
        "monocart-coverage-reports": "^2.12.1",
        "ms": "^2.1.3",
        "picocolors": "^1.1.1",
        "playwright": "^1.50.1",
        "source-map-support": "^0.5.21",
        "tslib": "^2.8.1",
        "typescript": "^5.7.3",
        "typescript-eslint": "^8.24.1",
        "which": "^3.0.1"
      },
      "engines": {
        "node": ">=14.17"
      }
    },
    "node_modules/@dfinity/agent": {
      "version": "3.2.4",
      "resolved": "https://registry.npmjs.org/@dfinity/agent/-/agent-3.2.4.tgz",
      "integrity": "sha512-2TpFyaInmdRemQ8QlP4yZusO+6Dqe98SBvSSGOWcCL2zQ7u/dgKA1jXwXb7tdHHMXvdC1bXFjeyBGqpqTG6avA==",
      "license": "Apache-2.0",
      "dependencies": {
        "@dfinity/cbor": "^0.2.2",
        "@noble/curves": "^1.9.2"
      },
      "peerDependencies": {
        "@dfinity/candid": "3.2.4",
        "@dfinity/principal": "3.2.4",
        "@noble/hashes": "^1.8.0"
      }
    },
    "node_modules/@dfinity/candid": {
      "version": "3.2.4",
      "resolved": "https://registry.npmjs.org/@dfinity/candid/-/candid-3.2.4.tgz",
      "integrity": "sha512-VpzY4mFHmm/F4iuqW3AMehKEsTeFbM5CDkRqp0IHS2gqxBm0XDkreJhIyv5S4P93NxGx1QzPCN1wzO5wPuH8OA==",
      "license": "Apache-2.0",
      "peerDependencies": {
        "@dfinity/principal": "3.2.4"
      }
    },
    "node_modules/@dfinity/cbor": {
      "version": "0.2.2",
      "resolved": "https://registry.npmjs.org/@dfinity/cbor/-/cbor-0.2.2.tgz",
      "integrity": "sha512-GPJpH73kDEKbUBdUjY80lz7cq9l0vm1h/7ppejPV6O0ZTqCLrYspssYvqjRmK4aNnJ/SKXsP0rg9LYX7zpegaA==",
      "license": "Apache-2.0"
    },
    "node_modules/@dfinity/principal": {
      "version": "3.2.4",
      "resolved": "https://registry.npmjs.org/@dfinity/principal/-/principal-3.2.4.tgz",
      "integrity": "sha512-7qTjDb9k/J/55k0/ZnD8s2+L+IgfG6K1lC7iywhQQL/4Qe0UIljUTasDk85kooY2QeNvWSl7MsLWp69LPBiYjw==",
      "license": "Apache-2.0",
      "dependencies": {
        "@noble/hashes": "^1.8.0"
      }
    },
    "node_modules/@noble/curves": {
      "version": "1.9.7",
      "resolved": "https://registry.npmjs.org/@noble/curves/-/curves-1.9.7.tgz",
      "integrity": "sha512-gbKGcRUYIjA3/zCCNaWDciTMFI0dCkvou3TL8Zmy5Nc7sJ47a0jtOeZoTaMxkuqRo9cRhjOdZJXegxYE5FN/xw==",
      "license": "MIT",
      "dependencies": {
        "@noble/hashes": "1.8.0"
      },
      "engines": {
        "node": "^14.21.3 || >=16"
      },
      "funding": {
        "url": "https://paulmillr.com/funding/"
      }
    },
    "node_modules/@noble/hashes": {
      "version": "1.8.0",
      "resolved": "https://registry.npmjs.org/@noble/hashes/-/hashes-1.8.0.tgz",
      "integrity": "sha512-jCs9ldd7NwzpgXDIf6P3+NrHh9/sD6CQdxHyjQI+h/6rDNo88ypBxxz45UDuZHz9r3tNz7N/VInSVoVdtXEI4A==",
      "license": "MIT",
      "engines": {
        "node": "^14.21.3 || >=16"
      },
      "funding": {
        "url": "https://paulmillr.com/funding/"
      }
    },
    "node_modules/typescript": {
      "resolved": "../../node_modules/.pnpm/typescript@5.9.2/node_modules/typescript",
      "link": true
    }
  }
}
